
Microsoft Visual Studio Solution File, Format Version 12.00
# Visual Studio Version 17
VisualStudioVersion = 17.0.32112.339
MinimumVisualStudioVersion = 10.0.40219.1
Project("{8BC9CEB8-8B4A-11D0-8D11-00A0C91BC942}") = "Prog07", "Prog07.vcxproj", "{89010FA3-7569-4226-AA1E-11D0718EE4FE}"
EndProject
Global
	GlobalSection(SolutionConfigurationPlatforms) = preSolution
		Debug|x64 = Debug|x64
		Debug|x86 = Debug|x86
		Release|x64 = Release|x64
		Release|x86 = Release|x86
	EndGlobalSection
	GlobalSection(ProjectConfigurationPlatforms) = postSolution
		{89010FA3-7569-4226-AA1E-11D0718EE4FE}.Debug|x64.ActiveCfg = Debug|x64
		{89010FA3-7569-4226-AA1E-11D0718EE4FE}.Debug|x64.Build.0 = Debug|x64
		{89010FA3-7569-4226-AA1E-11D0718EE4FE}.Debug|x86.ActiveCfg = Debug|Win32
		{89010FA3-7569-4226-AA1E-11D0718EE4FE}.Debug|x86.Build.0 = Debug|Win32
		{89010FA3-7569-4226-AA1E-11D0718EE4FE}.Release|x64.ActiveCfg = Release|x64
		{89010FA3-7569-4226-AA1E-11D0718EE4FE}.Release|x64.Build.0 = Release|x64
		{89010FA3-7569-4226-AA1E-11D0718EE4FE}.Release|x86.ActiveCfg = Release|Win32
		{89010FA3-7569-4226-AA1E-11D0718EE4FE}.Release|x86.Build.0 = Release|Win32
	EndGlobalSection
	GlobalSection(SolutionProperties) = preSolution
		HideSolutionNode = FALSE
	EndGlobalSection
	GlobalSection(ExtensibilityGlobals) = postSolution
		SolutionGuid = {FD3D04FD-290D-4980-B3E3-2E303242351A}
	EndGlobalSection
EndGlobal
