
Microsoft Visual Studio Solution File, Format Version 12.00
# Visual Studio Version 17
VisualStudioVersion = 17.0.32112.339
MinimumVisualStudioVersion = 10.0.40219.1
Project("{8BC9CEB8-8B4A-11D0-8D11-00A0C91BC942}") = "Quiz", "Quiz.vcxproj", "{D13C6C2D-96CE-4147-A852-4E0B4DF8EC12}"
EndProject
Global
	GlobalSection(SolutionConfigurationPlatforms) = preSolution
		Debug|x64 = Debug|x64
		Debug|x86 = Debug|x86
		Release|x64 = Release|x64
		Release|x86 = Release|x86
	EndGlobalSection
	GlobalSection(ProjectConfigurationPlatforms) = postSolution
		{D13C6C2D-96CE-4147-A852-4E0B4DF8EC12}.Debug|x64.ActiveCfg = Debug|x64
		{D13C6C2D-96CE-4147-A852-4E0B4DF8EC12}.Debug|x64.Build.0 = Debug|x64
		{D13C6C2D-96CE-4147-A852-4E0B4DF8EC12}.Debug|x86.ActiveCfg = Debug|Win32
		{D13C6C2D-96CE-4147-A852-4E0B4DF8EC12}.Debug|x86.Build.0 = Debug|Win32
		{D13C6C2D-96CE-4147-A852-4E0B4DF8EC12}.Release|x64.ActiveCfg = Release|x64
		{D13C6C2D-96CE-4147-A852-4E0B4DF8EC12}.Release|x64.Build.0 = Release|x64
		{D13C6C2D-96CE-4147-A852-4E0B4DF8EC12}.Release|x86.ActiveCfg = Release|Win32
		{D13C6C2D-96CE-4147-A852-4E0B4DF8EC12}.Release|x86.Build.0 = Release|Win32
	EndGlobalSection
	GlobalSection(SolutionProperties) = preSolution
		HideSolutionNode = FALSE
	EndGlobalSection
	GlobalSection(ExtensibilityGlobals) = postSolution
		SolutionGuid = {EC435C27-6B01-46A1-8877-B06E1450FAF9}
	EndGlobalSection
EndGlobal
